{
  "nodes": {
    "flake-utils": {
      "locked": {
        "lastModified": 1678901627,
        "narHash": "sha256-U02riOqrKKzwjsxc/400XnElV+UtPUQWpANPlyazjH0=",
        "owner": "numtide",
        "repo": "flake-utils",
        "rev": "93a2b84fc4b70d9e089d029deacc3583435c2ed6",
        "type": "github"
      },
      "original": {
        "owner": "numtide",
        "repo": "flake-utils",
        "type": "github"
      }
    },
    "flake-utils_2": {
      "locked": {
        "lastModified": 1659877975,
        "narHash": "sha256-zllb8aq3YO3h8B/U0/J1WBgAL8EX5yWf5pMj3G0NAmc=",
        "owner": "numtide",
        "repo": "flake-utils",
        "rev": "c0e246b9b83f637f4681389ecabcb2681b4f3af0",
        "type": "github"
      },
      "original": {
        "owner": "numtide",
        "repo": "flake-utils",
        "type": "github"
      }
    },
    "flake-utils_3": {
      "locked": {
        "lastModified": 1659877975,
        "narHash": "sha256-zllb8aq3YO3h8B/U0/J1WBgAL8EX5yWf5pMj3G0NAmc=",
        "owner": "numtide",
        "repo": "flake-utils",
        "rev": "c0e246b9b83f637f4681389ecabcb2681b4f3af0",
        "type": "github"
      },
      "original": {
        "owner": "numtide",
        "repo": "flake-utils",
        "type": "github"
      }
    },
    "flake-utils_4": {
      "inputs": {
        "systems": "systems"
      },
      "locked": {
        "lastModified": 1681202837,
        "narHash": "sha256-H+Rh19JDwRtpVPAWp64F+rlEtxUWBAQW28eAi3SRSzg=",
        "owner": "numtide",
        "repo": "flake-utils",
        "rev": "cfacdce06f30d2b68473a46042957675eebb3401",
        "type": "github"
      },
      "original": {
        "owner": "numtide",
        "repo": "flake-utils",
        "type": "github"
      }
    },
    "goldvalley": {
      "inputs": {
        "flake-utils": "flake-utils",
        "nixpkgs": [
          "nixpkgs"
        ],
        "rust-overlay": "rust-overlay"
      },
      "locked": {
        "lastModified": 1679831136,
        "narHash": "sha256-V9FpgZFckZvnwMZILQfHF9Bm9U4xQZ7s9DnSmG3tfPc=",
        "owner": "hedroed",
        "repo": "goldvalley",
        "rev": "e91598074f2d76b06ca01459b025e243362f8e58",
        "type": "github"
      },
      "original": {
        "owner": "hedroed",
        "repo": "goldvalley",
        "type": "github"
      }
    },
    "home-manager": {
      "inputs": {
        "nixpkgs": [
          "nixpkgs"
        ]
      },
      "locked": {
        "lastModified": 1681586243,
        "narHash": "sha256-vdP79IZuDZVNSl4RN1LgEuab1Tkbv4gCxiE8VLdRf7U=",
        "owner": "nix-community",
        "repo": "home-manager",
        "rev": "40ebb62101c83de81e5fd7c3cfe5cea2ed21b1ad",
        "type": "github"
      },
      "original": {
        "owner": "nix-community",
        "repo": "home-manager",
        "type": "github"
      }
    },
    "hyprland": {
      "inputs": {
        "hyprland-protocols": "hyprland-protocols",
        "nixpkgs": "nixpkgs_2",
        "wlroots": "wlroots",
        "xdph": "xdph"
      },
      "locked": {
        "lastModified": 1678830991,
        "narHash": "sha256-aPSmhgof4nIJquHmtxxirIMVv439wTYYCwf1ekS96gA=",
        "owner": "hyprwm",
        "repo": "Hyprland",
        "rev": "8531d1d7a67f6213de73466f0351a1ae709f8f4f",
        "type": "github"
      },
      "original": {
        "owner": "hyprwm",
        "ref": "v0.23.0beta",
        "repo": "Hyprland",
        "type": "github"
      }
    },
    "hyprland-protocols": {
      "inputs": {
        "nixpkgs": [
          "hyprland",
          "nixpkgs"
        ]
      },
      "locked": {
        "lastModified": 1671839510,
        "narHash": "sha256-+PY1qqJfmZzzROgcIY4I7AkCwpnC+qBIYk2eFoA9RWc=",
        "owner": "hyprwm",
        "repo": "hyprland-protocols",
        "rev": "b8f55e02a328c47ed373133c52483bbfa20a1b75",
        "type": "github"
      },
      "original": {
        "owner": "hyprwm",
        "repo": "hyprland-protocols",
        "type": "github"
      }
    },
    "nixgl": {
      "inputs": {
        "flake-utils": "flake-utils_3",
        "nixpkgs": [
          "nixpkgs"
        ]
      },
      "locked": {
        "lastModified": 1676383589,
        "narHash": "sha256-KCkWZXCjH+C4Kn7fUGSrEl5btk+sERHhZueSsvVbPWc=",
        "owner": "guibou",
        "repo": "nixGL",
        "rev": "c917918ab9ebeee27b0dd657263d3f57ba6bb8ad",
        "type": "github"
      },
      "original": {
        "owner": "guibou",
        "repo": "nixGL",
        "type": "github"
      }
    },
    "nixpkgs": {
      "locked": {
        "lastModified": 1665296151,
        "narHash": "sha256-uOB0oxqxN9K7XGF1hcnY+PQnlQJ+3bP2vCn/+Ru/bbc=",
        "owner": "NixOS",
        "repo": "nixpkgs",
        "rev": "14ccaaedd95a488dd7ae142757884d8e125b3363",
        "type": "github"
      },
      "original": {
        "owner": "NixOS",
        "ref": "nixpkgs-unstable",
        "repo": "nixpkgs",
        "type": "github"
      }
    },
    "nixpkgs_2": {
      "locked": {
        "lastModified": 1677676435,
        "narHash": "sha256-6FxdcmQr5JeZqsQvfinIMr0XcTyTuR7EXX0H3ANShpQ=",
        "owner": "NixOS",
        "repo": "nixpkgs",
        "rev": "a08d6979dd7c82c4cef0dcc6ac45ab16051c1169",
        "type": "github"
      },
      "original": {
        "owner": "NixOS",
        "ref": "nixos-unstable",
        "repo": "nixpkgs",
        "type": "github"
      }
    },
    "nixpkgs_3": {
      "locked": {
        "lastModified": 1681557730,
        "narHash": "sha256-j2E3639kS3Qop2jQPyqWCdenZNaqIdxfoTvAHnGuAGI=",
        "owner": "nixos",
        "repo": "nixpkgs",
        "rev": "85b081528b937df4bfcaee80c3541b58f397df8b",
        "type": "github"
      },
      "original": {
        "owner": "nixos",
        "ref": "nixos-unstable",
        "repo": "nixpkgs",
        "type": "github"
      }
    },
    "root": {
      "inputs": {
        "goldvalley": "goldvalley",
        "home-manager": "home-manager",
        "hyprland": "hyprland",
        "nixgl": "nixgl",
        "nixpkgs": "nixpkgs_3",
        "rust-overlay": "rust-overlay_2"
      }
    },
    "rust-overlay": {
      "inputs": {
        "flake-utils": "flake-utils_2",
        "nixpkgs": "nixpkgs"
      },
      "locked": {
        "lastModified": 1679797409,
        "narHash": "sha256-5vpDBK/bNHXO+/lw1XUjroJzbusujZPGwp6nLgmy55Y=",
        "owner": "oxalica",
        "repo": "rust-overlay",
        "rev": "7f38143d19432a0f9780197febe3fac9d3b0773a",
        "type": "github"
      },
      "original": {
        "owner": "oxalica",
        "repo": "rust-overlay",
        "type": "github"
      }
    },
    "rust-overlay_2": {
      "inputs": {
        "flake-utils": "flake-utils_4",
        "nixpkgs": [
          "nixpkgs"
        ]
      },
      "locked": {
        "lastModified": 1681611682,
        "narHash": "sha256-gT4wfOdVyxtB3NV5U914uAOqzFYMdNK8ObPmtqHxlUg=",
        "owner": "oxalica",
        "repo": "rust-overlay",
        "rev": "18cdcb7b4017f266117a4d164f9d71c0535ef5ec",
        "type": "github"
      },
      "original": {
        "owner": "oxalica",
        "repo": "rust-overlay",
        "type": "github"
      }
    },
    "systems": {
      "locked": {
        "lastModified": 1681028828,
        "narHash": "sha256-Vy1rq5AaRuLzOxct8nz4T6wlgyUR7zLU309k9mBC768=",
        "owner": "nix-systems",
        "repo": "default",
        "rev": "da67096a3b9bf56a91d16901293e51ba5b49a27e",
        "type": "github"
      },
      "original": {
        "owner": "nix-systems",
        "repo": "default",
        "type": "github"
      }
    },
    "wlroots": {
      "flake": false,
      "locked": {
        "host": "gitlab.freedesktop.org",
        "lastModified": 1677789111,
        "narHash": "sha256-dWrk+Q3bLdtFe5rkyaAKWCQJCeE/KFNllcu1DvBC38c=",
        "owner": "wlroots",
        "repo": "wlroots",
        "rev": "5ae17de23f5fd9bb252a698f3771c840280e2c05",
        "type": "gitlab"
      },
      "original": {
        "host": "gitlab.freedesktop.org",
        "owner": "wlroots",
        "repo": "wlroots",
        "type": "gitlab"
      }
    },
    "xdph": {
      "inputs": {
        "hyprland-protocols": [
          "hyprland",
          "hyprland-protocols"
        ],
        "nixpkgs": [
          "hyprland",
          "nixpkgs"
        ]
      },
      "locked": {
        "lastModified": 1673116118,
        "narHash": "sha256-eR0yDSkR2XYMesfdRWJs25kAdXET2mbNNHu5t+KUcKA=",
        "owner": "hyprwm",
        "repo": "xdg-desktop-portal-hyprland",
        "rev": "d479c846531fd0e1d2357c9588b8310a2b859ef2",
        "type": "github"
      },
      "original": {
        "owner": "hyprwm",
        "repo": "xdg-desktop-portal-hyprland",
        "type": "github"
      }
    }
  },
  "root": "root",
  "version": 7
}
